
Microsoft Visual Studio Solution File, Format Version 12.00
# Visual Studio Version 17
VisualStudioVersion = 17.6.33829.357
MinimumVisualStudioVersion = 10.0.40219.1
Project("{FAE04EC0-301F-11D3-BF4B-00C04F79EFBC}") = "ProjetoAula04", "ProjetoAula04\ProjetoAula04.csproj", "{76F52DE3-8EB7-4D95-B5A7-156980D04121}"
EndProject
Global
	GlobalSection(SolutionConfigurationPlatforms) = preSolution
		Debug|Any CPU = Debug|Any CPU
		Release|Any CPU = Release|Any CPU
	EndGlobalSection
	GlobalSection(ProjectConfigurationPlatforms) = postSolution
		{76F52DE3-8EB7-4D95-B5A7-156980D04121}.Debug|Any CPU.ActiveCfg = Debug|Any CPU
		{76F52DE3-8EB7-4D95-B5A7-156980D04121}.Debug|Any CPU.Build.0 = Debug|Any CPU
		{76F52DE3-8EB7-4D95-B5A7-156980D04121}.Release|Any CPU.ActiveCfg = Release|Any CPU
		{76F52DE3-8EB7-4D95-B5A7-156980D04121}.Release|Any CPU.Build.0 = Release|Any CPU
	EndGlobalSection
	GlobalSection(SolutionProperties) = preSolution
		HideSolutionNode = FALSE
	EndGlobalSection
	GlobalSection(ExtensibilityGlobals) = postSolution
		SolutionGuid = {80DB2FDB-FEC1-4370-BE71-D0B2711C6747}
	EndGlobalSection
EndGlobal
